PODS:
  - cslim (1.1.4)
  - LandmarkBrowser (0.0.1):
    - LandmarkDetail
    - LandmarkList
  - LandmarkDetail (0.0.1):
    - LandmarkService/API
    - LoadablePodResource
  - LandmarkEntity (0.0.1)
  - LandmarkList (0.0.1):
    - LandmarkList/Fixtures (= 0.0.1)
    - LandmarkList/Flow (= 0.0.1)
    - LandmarkList/iOS (= 0.0.1)
    - LandmarkList/Logic (= 0.0.1)
  - LandmarkList/Fixtures (0.0.1):
    - LandmarkList/Flow
  - LandmarkList/Flow (0.0.1):
    - LandmarkList/Logic
  - LandmarkList/iOS (0.0.1):
    - LandmarkList/Flow
    - LoadablePodResource
  - LandmarkList/Logic (0.0.1):
    - LandmarkService/API
  - LandmarkService (0.0.1):
    - LandmarkEntity
    - LandmarkService/API (= 0.0.1)
    - LandmarkService/Mock (= 0.0.1)
    - LandmarkService/Tests (= 0.0.1)
  - LandmarkService/API (0.0.1):
    - LandmarkEntity
  - LandmarkService/Mock (0.0.1):
    - LandmarkEntity
    - LandmarkService/API
  - LandmarkService/Tests (0.0.1):
    - LandmarkEntity
    - LandmarkService/Mock
  - LoadablePodResource (0.0.1)
  - OCSlimProject (1.3):
    - cslim

DEPENDENCIES:
  - LandmarkBrowser (from `Features/LandmarkBrowser`)
  - LandmarkDetail (from `Features/LandmarkDetail`)
  - LandmarkEntity (from `Entities/LandmarkEntity`)
  - LandmarkList (from `Features/LandmarkList`)
  - LandmarkService (from `Services/LandmarkService`)
  - LandmarkService/Tests (from `Services/LandmarkService`)
  - LoadablePodResource (from `Utilities/LoadablePodResource`)
  - OCSlimProject

EXTERNAL SOURCES:
  LandmarkBrowser:
    :path: Features/LandmarkBrowser
  LandmarkDetail:
    :path: Features/LandmarkDetail
  LandmarkEntity:
    :path: Entities/LandmarkEntity
  LandmarkList:
    :path: Features/LandmarkList
  LandmarkService:
    :path: Services/LandmarkService
  LoadablePodResource:
    :path: Utilities/LoadablePodResource

SPEC CHECKSUMS:
  cslim: 43442b320273abf3542b5928c97425373ba7ee0a
  LandmarkBrowser: b66f3ea688f9f9b57a5b33f83fdf314da935d1c9
  LandmarkDetail: 930d1df685ee147a8115bb19227fe242f8014362
  LandmarkEntity: 418d0795497fee22395e5f7743651ef6ddefa6d6
  LandmarkList: fa838d0e42650b71daa0ac04ba78c99efba28d44
  LandmarkService: caae83d30e9d766f6b095e352c62ba7df53c9842
  LoadablePodResource: '04397809c6abbe73331b56d682c939cd385e371a'
  OCSlimProject: a24337484ec168d7983ef507f75624bb8de21c15

PODFILE CHECKSUM: a04aad33fafb6eaea8a1b7cfa7b9e965e4dd201a

COCOAPODS: 1.2.1
