PODS:
  - LandmarkBrowser (0.0.1):
    - LandmarkDetail
    - LandmarkList
  - LandmarkDetail (0.0.1):
    - LandmarkService/API
    - LoadablePodResource
  - LandmarkEntity (0.0.1)
  - LandmarkList (0.0.1):
    - LandmarkService/API
    - LoadablePodResource
  - LandmarkService/API (0.0.1):
    - LandmarkEntity
  - LandmarkService/Mock (0.0.1):
    - LandmarkEntity
  - LandmarkService/Tests (0.0.1):
    - LandmarkEntity
  - LoadablePodResource (0.0.1)

DEPENDENCIES:
  - LandmarkBrowser (from `Features/LandmarkBrowser`)
  - LandmarkDetail (from `Features/LandmarkDetail`)
  - LandmarkEntity (from `Entities/LandmarkEntity`)
  - LandmarkList (from `Features/LandmarkList`)
  - LandmarkService/API (from `Services/LandmarkService`)
  - LandmarkService/Mock (from `Services/LandmarkService`)
  - LandmarkService/Tests (from `Services/LandmarkService`)
  - LoadablePodResource (from `Utilities/LoadablePodResource`)

EXTERNAL SOURCES:
  LandmarkBrowser:
    :path: Features/LandmarkBrowser
  LandmarkDetail:
    :path: Features/LandmarkDetail
  LandmarkEntity:
    :path: Entities/LandmarkEntity
  LandmarkList:
    :path: Features/LandmarkList
  LandmarkService:
    :path: Services/LandmarkService
  LoadablePodResource:
    :path: Utilities/LoadablePodResource

SPEC CHECKSUMS:
  LandmarkBrowser: b66f3ea688f9f9b57a5b33f83fdf314da935d1c9
  LandmarkDetail: 930d1df685ee147a8115bb19227fe242f8014362
  LandmarkEntity: 5fca99d98184422dbdc5b97eb086e5026601caa7
  LandmarkList: 67b84404e8b50130f8c46911a245163205730ca2
  LandmarkService: 2e82bba6103a3888e965a8d223d3977bfdd852c0
  LoadablePodResource: '04397809c6abbe73331b56d682c939cd385e371a'

PODFILE CHECKSUM: aede2be229ea5f16298e77e3172f72f4f791c2cf

COCOAPODS: 1.2.1
